
Microsoft Visual Studio Solution File, Format Version 12.00
# Visual Studio 15
VisualStudioVersion = 15.0.26124.0
MinimumVisualStudioVersion = 15.0.26124.0
Project("{FAE04EC0-301F-11D3-BF4B-00C04F79EFBC}") = "FastNote.Core", "FastNote.Core\FastNote.Core.csproj", "{F4359F2C-8B85-47F3-A1FB-BEE4B85C49BA}"
EndProject
Project("{FAE04EC0-301F-11D3-BF4B-00C04F79EFBC}") = "FastNote.Core.Tests", "FastNote.Core.Tests\FastNote.Core.Tests.csproj", "{154B6697-0165-4A4C-A495-A3C2F43ABC3E}"
EndProject
Global
	GlobalSection(SolutionConfigurationPlatforms) = preSolution
		Debug|Any CPU = Debug|Any CPU
		Debug|x64 = Debug|x64
		Debug|x86 = Debug|x86
		Release|Any CPU = Release|Any CPU
		Release|x64 = Release|x64
		Release|x86 = Release|x86
	EndGlobalSection
	GlobalSection(SolutionProperties) = preSolution
		HideSolutionNode = FALSE
	EndGlobalSection
	GlobalSection(ProjectConfigurationPlatforms) = postSolution
		{F4359F2C-8B85-47F3-A1FB-BEE4B85C49BA}.Debug|Any CPU.ActiveCfg = Debug|Any CPU
		{F4359F2C-8B85-47F3-A1FB-BEE4B85C49BA}.Debug|Any CPU.Build.0 = Debug|Any CPU
		{F4359F2C-8B85-47F3-A1FB-BEE4B85C49BA}.Debug|x64.ActiveCfg = Debug|Any CPU
		{F4359F2C-8B85-47F3-A1FB-BEE4B85C49BA}.Debug|x64.Build.0 = Debug|Any CPU
		{F4359F2C-8B85-47F3-A1FB-BEE4B85C49BA}.Debug|x86.ActiveCfg = Debug|Any CPU
		{F4359F2C-8B85-47F3-A1FB-BEE4B85C49BA}.Debug|x86.Build.0 = Debug|Any CPU
		{F4359F2C-8B85-47F3-A1FB-BEE4B85C49BA}.Release|Any CPU.ActiveCfg = Release|Any CPU
		{F4359F2C-8B85-47F3-A1FB-BEE4B85C49BA}.Release|Any CPU.Build.0 = Release|Any CPU
		{F4359F2C-8B85-47F3-A1FB-BEE4B85C49BA}.Release|x64.ActiveCfg = Release|Any CPU
		{F4359F2C-8B85-47F3-A1FB-BEE4B85C49BA}.Release|x64.Build.0 = Release|Any CPU
		{F4359F2C-8B85-47F3-A1FB-BEE4B85C49BA}.Release|x86.ActiveCfg = Release|Any CPU
		{F4359F2C-8B85-47F3-A1FB-BEE4B85C49BA}.Release|x86.Build.0 = Release|Any CPU
		{154B6697-0165-4A4C-A495-A3C2F43ABC3E}.Debug|Any CPU.ActiveCfg = Debug|Any CPU
		{154B6697-0165-4A4C-A495-A3C2F43ABC3E}.Debug|Any CPU.Build.0 = Debug|Any CPU
		{154B6697-0165-4A4C-A495-A3C2F43ABC3E}.Debug|x64.ActiveCfg = Debug|Any CPU
		{154B6697-0165-4A4C-A495-A3C2F43ABC3E}.Debug|x64.Build.0 = Debug|Any CPU
		{154B6697-0165-4A4C-A495-A3C2F43ABC3E}.Debug|x86.ActiveCfg = Debug|Any CPU
		{154B6697-0165-4A4C-A495-A3C2F43ABC3E}.Debug|x86.Build.0 = Debug|Any CPU
		{154B6697-0165-4A4C-A495-A3C2F43ABC3E}.Release|Any CPU.ActiveCfg = Release|Any CPU
		{154B6697-0165-4A4C-A495-A3C2F43ABC3E}.Release|Any CPU.Build.0 = Release|Any CPU
		{154B6697-0165-4A4C-A495-A3C2F43ABC3E}.Release|x64.ActiveCfg = Release|Any CPU
		{154B6697-0165-4A4C-A495-A3C2F43ABC3E}.Release|x64.Build.0 = Release|Any CPU
		{154B6697-0165-4A4C-A495-A3C2F43ABC3E}.Release|x86.ActiveCfg = Release|Any CPU
		{154B6697-0165-4A4C-A495-A3C2F43ABC3E}.Release|x86.Build.0 = Release|Any CPU
	EndGlobalSection
EndGlobal
